
Microsoft Visual Studio Solution File, Format Version 12.00
# Visual Studio Version 17
VisualStudioVersion = 17.1.32414.318
MinimumVisualStudioVersion = 10.0.40219.1
Project("{FAE04EC0-301F-11D3-BF4B-00C04F79EFBC}") = "KeywordResearchMetrics", "KeywordResearchMetrics\KeywordResearchMetrics.csproj", "{83264E94-0CFD-412D-9F14-845C8896CC60}"
EndProject
Global
	GlobalSection(SolutionConfigurationPlatforms) = preSolution
		Debug|Any CPU = Debug|Any CPU
		Release|Any CPU = Release|Any CPU
	EndGlobalSection
	GlobalSection(ProjectConfigurationPlatforms) = postSolution
		{83264E94-0CFD-412D-9F14-845C8896CC60}.Debug|Any CPU.ActiveCfg = Debug|Any CPU
		{83264E94-0CFD-412D-9F14-845C8896CC60}.Debug|Any CPU.Build.0 = Debug|Any CPU
		{83264E94-0CFD-412D-9F14-845C8896CC60}.Release|Any CPU.ActiveCfg = Release|Any CPU
		{83264E94-0CFD-412D-9F14-845C8896CC60}.Release|Any CPU.Build.0 = Release|Any CPU
	EndGlobalSection
	GlobalSection(SolutionProperties) = preSolution
		HideSolutionNode = FALSE
	EndGlobalSection
	GlobalSection(ExtensibilityGlobals) = postSolution
		SolutionGuid = {6E49E17E-6689-4C93-B9A9-FA57FA2C684C}
	EndGlobalSection
EndGlobal
